{
  "version": "5",
  "specifiers": {
    "jsr:@std/cli@^1.0.24": "1.0.29",
    "jsr:@std/internal@^1.0.12": "1.0.12",
    "jsr:@std/json@^1.0.2": "1.1.0",
    "jsr:@std/path@^1.1.3": "1.1.3",
    "jsr:@std/streams@^1.0.14": "1.1.0",
    "jsr:@std/streams@^1.1.0": "1.1.0",
    "jsr:@std/yaml@^1.0.10": "1.1.0",
    "npm:htm@3.1.1": "3.1.1",
    "npm:preact@10.27.2": "10.27.2",
    "npm:zod@^4.1.12": "4.4.2"
  },
  "jsr": {
    "@std/cli@1.0.29": {
      "integrity": "fa4ef29130baa834d8a13b7d138240c3a2fcfba740bfb7afa646a360a15ec84f"
    },
    "@std/internal@1.0.12": {
      "integrity": "972a634fd5bc34b242024402972cd5143eac68d8dffaca5eaa4dba30ce17b027"
    },
    "@std/json@1.1.0": {
      "integrity": "93330d3ed4054d6b1ffe54b075432c80a5f671be77277b978931e018014cb1cc",
      "dependencies": [
        "jsr:@std/streams@^1.1.0"
      ]
    },
    "@std/path@1.1.3": {
      "integrity": "b015962d82a5e6daea980c32b82d2c40142149639968549c649031a230b1afb3",
      "dependencies": [
        "jsr:@std/internal"
      ]
    },
    "@std/streams@1.1.0": {
      "integrity": "2f7024d841f343fd478afe0c958a3f0f068ef2a0d2bcc954f550f97ac1fa22e3"
    },
    "@std/yaml@1.1.0": {
      "integrity": "fc1c5c63e05c4c5eb6118355f557958035d41940d6c29d35b306ef7155d6edb0"
    }
  },
  "npm": {
    "htm@3.1.1": {
      "integrity": "sha512-983Vyg8NwUE7JkZ6NmOqpCZ+sh1bKv2iYTlUkzlWmA5JD2acKoxd4KVxbMmxX/85mtfdnDmTFoNKcg5DGAvxNQ==",
      "tarball": "https://registry.npmmirror.com/htm/-/htm-3.1.1.tgz"
    },
    "preact@10.27.2": {
      "integrity": "sha512-5SYSgFKSyhCbk6SrXyMpqjb5+MQBgfvEKE/OC+PujcY34sOpqtr+0AZQtPYx5IA6VxynQ7rUPCtKzyovpj9Bpg==",
      "tarball": "https://registry.npmmirror.com/preact/-/preact-10.27.2.tgz"
    },
    "zod@4.4.2": {
      "integrity": "sha512-IynmDyxsEsb9RKzO3J9+4SxXnl2FTFSzNBaKKaMV6tsSk0rw9gYw9gs+JFCq/qk2LCZ78KDwyj+Z289TijSkUw==",
      "tarball": "https://registry.npmmirror.com/zod/-/zod-4.4.2.tgz"
    }
  },
  "workspace": {
    "dependencies": [
      "jsr:@std/cli@^1.0.24",
      "jsr:@std/json@^1.0.2",
      "jsr:@std/path@^1.1.3",
      "jsr:@std/streams@^1.0.14",
      "jsr:@std/yaml@^1.0.10",
      "npm:zod@^4.1.12"
    ]
  }
}
